{
  "lockfile_version": "1",
  "packages": {
    "bundler@latest": {
      "last_modified": "2024-03-08T13:51:52Z",
      "resolved": "github:NixOS/nixpkgs/a343533bccc62400e8a9560423486a3b6c11a23b#bundler",
      "source": "devbox-search",
      "version": "2.5.6",
      "systems": {
        "aarch64-darwin": {
          "store_path": "/nix/store/lscmy7bv5szlibvc1q4hxy33wn1vp4k0-bundler-2.5.6"
        },
        "aarch64-linux": {
          "store_path": "/nix/store/nrc1z2hpybqvif0q3qpn33kmi8i99vrx-bundler-2.5.6"
        },
        "x86_64-darwin": {
          "store_path": "/nix/store/37jm9lackf6q2hy56pdp9b2fmzdg789i-bundler-2.5.6"
        },
        "x86_64-linux": {
          "store_path": "/nix/store/pc19i090lxbca6pkqnb46987dnpsax3r-bundler-2.5.6"
        }
      }
    },
    "cmake@latest": {
      "last_modified": "2024-03-08T13:51:52Z",
      "resolved": "github:NixOS/nixpkgs/a343533bccc62400e8a9560423486a3b6c11a23b#cmake",
      "source": "devbox-search",
      "version": "3.28.3",
      "systems": {
        "aarch64-darwin": {
          "store_path": "/nix/store/1w5wix8325qsa22np55cib39jisnvgw6-cmake-3.28.3"
        },
        "aarch64-linux": {
          "store_path": "/nix/store/ymfkxwf8wqyk0xg5scg5g7xj0dxp4m25-cmake-3.28.3"
        },
        "x86_64-darwin": {
          "store_path": "/nix/store/2dsb0ih6j6rgy4ac3k0q00ndlnf9s6x2-cmake-3.28.3"
        },
        "x86_64-linux": {
          "store_path": "/nix/store/9walp7knvqvmnpp9pqwjsdpnx2524ack-cmake-3.28.3"
        }
      }
    },
    "gcc@latest": {
      "last_modified": "2024-03-08T13:51:52Z",
      "resolved": "github:NixOS/nixpkgs/a343533bccc62400e8a9560423486a3b6c11a23b#gcc",
      "source": "devbox-search",
      "version": "13.2.0",
      "systems": {
        "aarch64-darwin": {
          "store_path": "/nix/store/pv08w38nrfp2ybbfxssdij2jfi55r6ld-gcc-wrapper-13.2.0"
        },
        "aarch64-linux": {
          "store_path": "/nix/store/44di4gvw6lydf0hm9105palmlsdyvq5w-gcc-wrapper-13.2.0"
        },
        "x86_64-darwin": {
          "store_path": "/nix/store/va7xgq34096yl5lhr677s919dnqaz45h-gcc-wrapper-13.2.0"
        },
        "x86_64-linux": {
          "store_path": "/nix/store/qhpw32pz39y6i30b3vrbw5fw6zv5549f-gcc-wrapper-13.2.0"
        }
      }
    },
    "gnumake@latest": {
      "last_modified": "2024-03-14T00:49:55Z",
      "resolved": "github:NixOS/nixpkgs/db001797591bf76f7b8d4c4ed3b49233391e0c97#gnumake",
      "source": "devbox-search",
      "version": "4.4.1",
      "systems": {
        "aarch64-darwin": {
          "store_path": "/nix/store/b4jbbx01f3n4r97g49jnxw3clf4p1szv-gnumake-4.4.1"
        },
        "aarch64-linux": {
          "store_path": "/nix/store/hfyyfn6h7cw2fvdc0jmpfigwi3rp7d2x-gnumake-4.4.1"
        },
        "x86_64-darwin": {
          "store_path": "/nix/store/ry772inn49ra4vmns2vg67bjpqv29j0k-gnumake-4.4.1"
        },
        "x86_64-linux": {
          "store_path": "/nix/store/0pkbh7939p7npr02ayama32pa389m5p7-gnumake-4.4.1"
        }
      }
    },
    "jekyll@latest": {
      "last_modified": "2024-03-14T18:35:26Z",
      "resolved": "github:NixOS/nixpkgs/ca67f3cfc013e18fe95500840fb21ad748805fc6#jekyll",
      "source": "devbox-search",
      "version": "4.3.3",
      "systems": {
        "aarch64-darwin": {
          "store_path": "/nix/store/7fcniy49w5aaidirblj1b4k6bxxid2k3-jekyll-4.3.3"
        },
        "aarch64-linux": {
          "store_path": "/nix/store/vlakiymp4qhf4qrajr0n4fd4hgn703wx-jekyll-4.3.3"
        },
        "x86_64-darwin": {
          "store_path": "/nix/store/65qsn39b2rmxzi3wchvdavy08l8kf1mk-jekyll-4.3.3"
        },
        "x86_64-linux": {
          "store_path": "/nix/store/q9g80h2clv0f67jvyppi4i6614z905g5-jekyll-4.3.3"
        }
      }
    },
    "libffi@latest": {
      "last_modified": "2024-03-14T09:34:31Z",
      "resolved": "github:NixOS/nixpkgs/bd5ddf2c6bfafff031edf80221e1ee94e86ca10a#libffi",
      "source": "devbox-search",
      "version": "3.4.6",
      "systems": {
        "aarch64-darwin": {
          "store_path": "/nix/store/0z3mx40zc1b2zf8yjlrkk0iyps3yxlil-libffi-3.4.6"
        },
        "aarch64-linux": {
          "store_path": "/nix/store/y1lbsygq27y8l8fq0p5fpq235ipk56dn-libffi-3.4.6"
        },
        "x86_64-darwin": {
          "store_path": "/nix/store/jfazwvn7zm6wsvyz6qg60vxzqf237k85-libffi-3.4.6"
        },
        "x86_64-linux": {
          "store_path": "/nix/store/jx5kkzn0dhxa5y5k1fs9ymbvha15r911-libffi-3.4.6"
        }
      }
    },
    "pkg-config@latest": {
      "last_modified": "2024-03-08T13:51:52Z",
      "resolved": "github:NixOS/nixpkgs/a343533bccc62400e8a9560423486a3b6c11a23b#pkg-config",
      "source": "devbox-search",
      "version": "0.29.2",
      "systems": {
        "aarch64-darwin": {
          "store_path": "/nix/store/vr6mmw33z2rdsxplcraxir7yzx7cai5d-pkg-config-wrapper-0.29.2"
        },
        "aarch64-linux": {
          "store_path": "/nix/store/8f3jvzqy81k992s4x6779cz1phv66rl9-pkg-config-wrapper-0.29.2"
        },
        "x86_64-darwin": {
          "store_path": "/nix/store/dp7x6a58avvgzy5ihink611p8w715llb-pkg-config-wrapper-0.29.2"
        },
        "x86_64-linux": {
          "store_path": "/nix/store/a3752l19hc76dmzh1wgrxbsxh6lfx67z-pkg-config-wrapper-0.29.2"
        }
      }
    },
    "ruby_3_3@latest": {
      "last_modified": "2024-03-08T13:51:52Z",
      "plugin_version": "0.0.2",
      "resolved": "github:NixOS/nixpkgs/a343533bccc62400e8a9560423486a3b6c11a23b#ruby_3_3",
      "source": "devbox-search",
      "version": "3.3.0",
      "systems": {
        "aarch64-darwin": {
          "store_path": "/nix/store/kfxq9qcafvk51pxvrjrjri7s9n682raj-ruby-3.3.0"
        },
        "aarch64-linux": {
          "store_path": "/nix/store/k6by88r38yi0mj2r6fzj4b2kkr0ggrwq-ruby-3.3.0"
        },
        "x86_64-darwin": {
          "store_path": "/nix/store/vsdq16ddcgmfrjvv4irz6hkk7g9n8wd4-ruby-3.3.0"
        },
        "x86_64-linux": {
          "store_path": "/nix/store/g43ay3ihz3kwym3xzvi4qpclywpj1kw0-ruby-3.3.0"
        }
      }
    }
  }
}
